
Microsoft Visual Studio Solution File, Format Version 12.00
# Visual Studio Version 17
VisualStudioVersion = 17.9.34728.123
MinimumVisualStudioVersion = 10.0.40219.1
Project("{9A19103F-16F7-4668-BE54-9A1E7A4F7556}") = "CapybaraPetApp.Api", "CapybaraPetApp.Api\CapybaraPetApp.Api.csproj", "{497755C9-3483-467B-ADA8-661B84755DEB}"
EndProject
Project("{9A19103F-16F7-4668-BE54-9A1E7A4F7556}") = "CapybaraPetApp.Application", "CapybaraPetApp.Application\CapybaraPetApp.Application.csproj", "{4EDAC850-FF26-4352-A911-6393261EED44}"
EndProject
Project("{9A19103F-16F7-4668-BE54-9A1E7A4F7556}") = "CapybaraPetApp.Domain", "CapybaraPetApp.Domain\CapybaraPetApp.Domain.csproj", "{99335A6D-7A72-480F-A5A6-8482E500DF30}"
EndProject
Project("{9A19103F-16F7-4668-BE54-9A1E7A4F7556}") = "CapybaraPetApp.Infrastructure", "CapybaraPetApp.Infrastructure\CapybaraPetApp.Infrastructure.csproj", "{302FE292-09B9-451F-B7F3-371F59B50346}"
EndProject
Project("{9A19103F-16F7-4668-BE54-9A1E7A4F7556}") = "CapybaraPetApp.Tests", "CapybaraPetApp.Tests\CapybaraPetApp.Tests.csproj", "{502131A7-CC62-4757-A502-F5E7C93BAD92}"
EndProject
Global
	GlobalSection(SolutionConfigurationPlatforms) = preSolution
		Debug|Any CPU = Debug|Any CPU
		Release|Any CPU = Release|Any CPU
	EndGlobalSection
	GlobalSection(ProjectConfigurationPlatforms) = postSolution
		{497755C9-3483-467B-ADA8-661B84755DEB}.Debug|Any CPU.ActiveCfg = Debug|Any CPU
		{497755C9-3483-467B-ADA8-661B84755DEB}.Debug|Any CPU.Build.0 = Debug|Any CPU
		{497755C9-3483-467B-ADA8-661B84755DEB}.Release|Any CPU.ActiveCfg = Release|Any CPU
		{497755C9-3483-467B-ADA8-661B84755DEB}.Release|Any CPU.Build.0 = Release|Any CPU
		{4EDAC850-FF26-4352-A911-6393261EED44}.Debug|Any CPU.ActiveCfg = Debug|Any CPU
		{4EDAC850-FF26-4352-A911-6393261EED44}.Debug|Any CPU.Build.0 = Debug|Any CPU
		{4EDAC850-FF26-4352-A911-6393261EED44}.Release|Any CPU.ActiveCfg = Release|Any CPU
		{4EDAC850-FF26-4352-A911-6393261EED44}.Release|Any CPU.Build.0 = Release|Any CPU
		{99335A6D-7A72-480F-A5A6-8482E500DF30}.Debug|Any CPU.ActiveCfg = Debug|Any CPU
		{99335A6D-7A72-480F-A5A6-8482E500DF30}.Debug|Any CPU.Build.0 = Debug|Any CPU
		{99335A6D-7A72-480F-A5A6-8482E500DF30}.Release|Any CPU.ActiveCfg = Release|Any CPU
		{99335A6D-7A72-480F-A5A6-8482E500DF30}.Release|Any CPU.Build.0 = Release|Any CPU
		{302FE292-09B9-451F-B7F3-371F59B50346}.Debug|Any CPU.ActiveCfg = Debug|Any CPU
		{302FE292-09B9-451F-B7F3-371F59B50346}.Debug|Any CPU.Build.0 = Debug|Any CPU
		{302FE292-09B9-451F-B7F3-371F59B50346}.Release|Any CPU.ActiveCfg = Release|Any CPU
		{302FE292-09B9-451F-B7F3-371F59B50346}.Release|Any CPU.Build.0 = Release|Any CPU
		{502131A7-CC62-4757-A502-F5E7C93BAD92}.Debug|Any CPU.ActiveCfg = Debug|Any CPU
		{502131A7-CC62-4757-A502-F5E7C93BAD92}.Debug|Any CPU.Build.0 = Debug|Any CPU
		{502131A7-CC62-4757-A502-F5E7C93BAD92}.Release|Any CPU.ActiveCfg = Release|Any CPU
		{502131A7-CC62-4757-A502-F5E7C93BAD92}.Release|Any CPU.Build.0 = Release|Any CPU
	EndGlobalSection
	GlobalSection(SolutionProperties) = preSolution
		HideSolutionNode = FALSE
	EndGlobalSection
	GlobalSection(ExtensibilityGlobals) = postSolution
		SolutionGuid = {8C01D11D-D1D8-4756-AA68-78BF8AB899CC}
	EndGlobalSection
EndGlobal
